
Microsoft Visual Studio Solution File, Format Version 12.00
# Visual Studio 15
VisualStudioVersion = 15.0.27004.2002
MinimumVisualStudioVersion = 10.0.40219.1
Project("{FAE04EC0-301F-11D3-BF4B-00C04F79EFBC}") = "scrub", "scrub\scrub.csproj", "{1C43C767-0DA5-4FAB-B853-83F3FD54ADA4}"
EndProject
Project("{FAE04EC0-301F-11D3-BF4B-00C04F79EFBC}") = "migrate", "migrate\migrate.csproj", "{41FF9644-5BF4-4A9E-9C5A-28DFD58B6E1E}"
EndProject
Project("{FAE04EC0-301F-11D3-BF4B-00C04F79EFBC}") = "Gallery.Migration", "ImageGallery.Migration\Gallery.Migration.csproj", "{37CF7EF6-4DD4-40DB-A903-39E9148C8E67}"
EndProject
Project("{FAE04EC0-301F-11D3-BF4B-00C04F79EFBC}") = "Gallery", "Gallery\Gallery.csproj", "{A325B276-7DD1-4160-AF89-B9B327FC03D3}"
EndProject
Project("{2150E333-8FDC-42A3-9474-1A3956D46DE8}") = "Solution Items", "Solution Items", "{1BC7D305-A435-4933-BA06-02BE94B1E081}"
	ProjectSection(SolutionItems) = preProject
		WebEssentials-Settings.json = WebEssentials-Settings.json
	EndProjectSection
EndProject
Project("{FAE04EC0-301F-11D3-BF4B-00C04F79EFBC}") = "Gallery.Entities", "Gallery.Entities\Gallery.Entities.csproj", "{C468C90B-AFF4-4139-80A9-9D18A9A44148}"
EndProject
Project("{FAE04EC0-301F-11D3-BF4B-00C04F79EFBC}") = "pfixrnd", "rosubj\pfixrnd.csproj", "{C17768DA-CD5D-4C92-B19D-8E9FB125BB0D}"
EndProject
Project("{FAE04EC0-301F-11D3-BF4B-00C04F79EFBC}") = "setlist", "setlist\setlist.csproj", "{70AEEF7E-8D31-48DF-B528-8A527ED31F39}"
EndProject
Project("{FAE04EC0-301F-11D3-BF4B-00C04F79EFBC}") = "slideshow", "slideshow\slideshow.csproj", "{F137D8D2-118F-4AF4-8C4C-FB63917355C2}"
EndProject
Project("{FAE04EC0-301F-11D3-BF4B-00C04F79EFBC}") = "ss2dir", "ss2dir\ss2dir.csproj", "{B2679344-083F-4B46-BC16-78B89279E6AB}"
EndProject
Project("{FAE04EC0-301F-11D3-BF4B-00C04F79EFBC}") = "candirs", "candirs\candirs.csproj", "{A91D57BE-6087-4914-91B4-E15CF7BD4A5B}"
EndProject
Project("{FAE04EC0-301F-11D3-BF4B-00C04F79EFBC}") = "runoffs", "runoffs\runoffs.csproj", "{277379E8-9E71-44DD-A164-CE97421F323B}"
EndProject
Project("{FAE04EC0-301F-11D3-BF4B-00C04F79EFBC}") = "specdir", "specdir\specdir.csproj", "{0C90DF53-F832-4FC3-ACC3-446510721B1C}"
EndProject
Project("{FAE04EC0-301F-11D3-BF4B-00C04F79EFBC}") = "rodir", "rodir\rodir.csproj", "{A74D2B08-DCA8-4BB9-9AED-5A6494C35F54}"
EndProject
Project("{FAE04EC0-301F-11D3-BF4B-00C04F79EFBC}") = "Gallery.Migration.Tests", "Gallery.Migration.Tests\Gallery.Migration.Tests.csproj", "{2E3DF5C2-8A38-4A03-86D7-8D463C917E47}"
EndProject
Project("{FAE04EC0-301F-11D3-BF4B-00C04F79EFBC}") = "annual", "annual\annual.csproj", "{51DFFB4B-1C6C-48F7-BA22-19D4F68618EE}"
EndProject
Project("{FAE04EC0-301F-11D3-BF4B-00C04F79EFBC}") = "sneakers", "sneakers\sneakers.csproj", "{C0A55FA8-2849-4E9B-A9C3-105115E7B71D}"
EndProject
Project("{FAE04EC0-301F-11D3-BF4B-00C04F79EFBC}") = "cate", "cate\cate.csproj", "{05E132D0-E962-4107-8596-90192F9E263E}"
EndProject
Project("{FAE04EC0-301F-11D3-BF4B-00C04F79EFBC}") = "sarro", "sarro\sarro.csproj", "{1FB535CC-81DA-4420-9EA9-4D73FE9740BC}"
EndProject
Global
	GlobalSection(SolutionConfigurationPlatforms) = preSolution
		Debug|Any CPU = Debug|Any CPU
		Release|Any CPU = Release|Any CPU
	EndGlobalSection
	GlobalSection(ProjectConfigurationPlatforms) = postSolution
		{1C43C767-0DA5-4FAB-B853-83F3FD54ADA4}.Debug|Any CPU.ActiveCfg = Debug|Any CPU
		{1C43C767-0DA5-4FAB-B853-83F3FD54ADA4}.Debug|Any CPU.Build.0 = Debug|Any CPU
		{1C43C767-0DA5-4FAB-B853-83F3FD54ADA4}.Release|Any CPU.ActiveCfg = Release|Any CPU
		{1C43C767-0DA5-4FAB-B853-83F3FD54ADA4}.Release|Any CPU.Build.0 = Release|Any CPU
		{41FF9644-5BF4-4A9E-9C5A-28DFD58B6E1E}.Debug|Any CPU.ActiveCfg = Debug|Any CPU
		{41FF9644-5BF4-4A9E-9C5A-28DFD58B6E1E}.Debug|Any CPU.Build.0 = Debug|Any CPU
		{41FF9644-5BF4-4A9E-9C5A-28DFD58B6E1E}.Release|Any CPU.ActiveCfg = Release|Any CPU
		{41FF9644-5BF4-4A9E-9C5A-28DFD58B6E1E}.Release|Any CPU.Build.0 = Release|Any CPU
		{37CF7EF6-4DD4-40DB-A903-39E9148C8E67}.Debug|Any CPU.ActiveCfg = Debug|Any CPU
		{37CF7EF6-4DD4-40DB-A903-39E9148C8E67}.Debug|Any CPU.Build.0 = Debug|Any CPU
		{37CF7EF6-4DD4-40DB-A903-39E9148C8E67}.Release|Any CPU.ActiveCfg = Release|Any CPU
		{37CF7EF6-4DD4-40DB-A903-39E9148C8E67}.Release|Any CPU.Build.0 = Release|Any CPU
		{A325B276-7DD1-4160-AF89-B9B327FC03D3}.Debug|Any CPU.ActiveCfg = Debug|Any CPU
		{A325B276-7DD1-4160-AF89-B9B327FC03D3}.Debug|Any CPU.Build.0 = Debug|Any CPU
		{A325B276-7DD1-4160-AF89-B9B327FC03D3}.Release|Any CPU.ActiveCfg = Release|Any CPU
		{A325B276-7DD1-4160-AF89-B9B327FC03D3}.Release|Any CPU.Build.0 = Release|Any CPU
		{C468C90B-AFF4-4139-80A9-9D18A9A44148}.Debug|Any CPU.ActiveCfg = Debug|Any CPU
		{C468C90B-AFF4-4139-80A9-9D18A9A44148}.Debug|Any CPU.Build.0 = Debug|Any CPU
		{C468C90B-AFF4-4139-80A9-9D18A9A44148}.Release|Any CPU.ActiveCfg = Release|Any CPU
		{C468C90B-AFF4-4139-80A9-9D18A9A44148}.Release|Any CPU.Build.0 = Release|Any CPU
		{C17768DA-CD5D-4C92-B19D-8E9FB125BB0D}.Debug|Any CPU.ActiveCfg = Debug|Any CPU
		{C17768DA-CD5D-4C92-B19D-8E9FB125BB0D}.Debug|Any CPU.Build.0 = Debug|Any CPU
		{C17768DA-CD5D-4C92-B19D-8E9FB125BB0D}.Release|Any CPU.ActiveCfg = Release|Any CPU
		{C17768DA-CD5D-4C92-B19D-8E9FB125BB0D}.Release|Any CPU.Build.0 = Release|Any CPU
		{70AEEF7E-8D31-48DF-B528-8A527ED31F39}.Debug|Any CPU.ActiveCfg = Debug|Any CPU
		{70AEEF7E-8D31-48DF-B528-8A527ED31F39}.Debug|Any CPU.Build.0 = Debug|Any CPU
		{70AEEF7E-8D31-48DF-B528-8A527ED31F39}.Release|Any CPU.ActiveCfg = Release|Any CPU
		{70AEEF7E-8D31-48DF-B528-8A527ED31F39}.Release|Any CPU.Build.0 = Release|Any CPU
		{F137D8D2-118F-4AF4-8C4C-FB63917355C2}.Debug|Any CPU.ActiveCfg = Debug|Any CPU
		{F137D8D2-118F-4AF4-8C4C-FB63917355C2}.Debug|Any CPU.Build.0 = Debug|Any CPU
		{F137D8D2-118F-4AF4-8C4C-FB63917355C2}.Release|Any CPU.ActiveCfg = Release|Any CPU
		{F137D8D2-118F-4AF4-8C4C-FB63917355C2}.Release|Any CPU.Build.0 = Release|Any CPU
		{B2679344-083F-4B46-BC16-78B89279E6AB}.Debug|Any CPU.ActiveCfg = Debug|Any CPU
		{B2679344-083F-4B46-BC16-78B89279E6AB}.Debug|Any CPU.Build.0 = Debug|Any CPU
		{B2679344-083F-4B46-BC16-78B89279E6AB}.Release|Any CPU.ActiveCfg = Release|Any CPU
		{B2679344-083F-4B46-BC16-78B89279E6AB}.Release|Any CPU.Build.0 = Release|Any CPU
		{A91D57BE-6087-4914-91B4-E15CF7BD4A5B}.Debug|Any CPU.ActiveCfg = Debug|Any CPU
		{A91D57BE-6087-4914-91B4-E15CF7BD4A5B}.Debug|Any CPU.Build.0 = Debug|Any CPU
		{A91D57BE-6087-4914-91B4-E15CF7BD4A5B}.Release|Any CPU.ActiveCfg = Release|Any CPU
		{A91D57BE-6087-4914-91B4-E15CF7BD4A5B}.Release|Any CPU.Build.0 = Release|Any CPU
		{277379E8-9E71-44DD-A164-CE97421F323B}.Debug|Any CPU.ActiveCfg = Debug|Any CPU
		{277379E8-9E71-44DD-A164-CE97421F323B}.Debug|Any CPU.Build.0 = Debug|Any CPU
		{277379E8-9E71-44DD-A164-CE97421F323B}.Release|Any CPU.ActiveCfg = Release|Any CPU
		{277379E8-9E71-44DD-A164-CE97421F323B}.Release|Any CPU.Build.0 = Release|Any CPU
		{0C90DF53-F832-4FC3-ACC3-446510721B1C}.Debug|Any CPU.ActiveCfg = Debug|Any CPU
		{0C90DF53-F832-4FC3-ACC3-446510721B1C}.Debug|Any CPU.Build.0 = Debug|Any CPU
		{0C90DF53-F832-4FC3-ACC3-446510721B1C}.Release|Any CPU.ActiveCfg = Release|Any CPU
		{0C90DF53-F832-4FC3-ACC3-446510721B1C}.Release|Any CPU.Build.0 = Release|Any CPU
		{A74D2B08-DCA8-4BB9-9AED-5A6494C35F54}.Debug|Any CPU.ActiveCfg = Debug|Any CPU
		{A74D2B08-DCA8-4BB9-9AED-5A6494C35F54}.Debug|Any CPU.Build.0 = Debug|Any CPU
		{A74D2B08-DCA8-4BB9-9AED-5A6494C35F54}.Release|Any CPU.ActiveCfg = Release|Any CPU
		{A74D2B08-DCA8-4BB9-9AED-5A6494C35F54}.Release|Any CPU.Build.0 = Release|Any CPU
		{2E3DF5C2-8A38-4A03-86D7-8D463C917E47}.Debug|Any CPU.ActiveCfg = Debug|Any CPU
		{2E3DF5C2-8A38-4A03-86D7-8D463C917E47}.Debug|Any CPU.Build.0 = Debug|Any CPU
		{2E3DF5C2-8A38-4A03-86D7-8D463C917E47}.Release|Any CPU.ActiveCfg = Release|Any CPU
		{2E3DF5C2-8A38-4A03-86D7-8D463C917E47}.Release|Any CPU.Build.0 = Release|Any CPU
		{51DFFB4B-1C6C-48F7-BA22-19D4F68618EE}.Debug|Any CPU.ActiveCfg = Debug|Any CPU
		{51DFFB4B-1C6C-48F7-BA22-19D4F68618EE}.Debug|Any CPU.Build.0 = Debug|Any CPU
		{51DFFB4B-1C6C-48F7-BA22-19D4F68618EE}.Release|Any CPU.ActiveCfg = Release|Any CPU
		{51DFFB4B-1C6C-48F7-BA22-19D4F68618EE}.Release|Any CPU.Build.0 = Release|Any CPU
		{C0A55FA8-2849-4E9B-A9C3-105115E7B71D}.Debug|Any CPU.ActiveCfg = Debug|Any CPU
		{C0A55FA8-2849-4E9B-A9C3-105115E7B71D}.Debug|Any CPU.Build.0 = Debug|Any CPU
		{C0A55FA8-2849-4E9B-A9C3-105115E7B71D}.Release|Any CPU.ActiveCfg = Release|Any CPU
		{C0A55FA8-2849-4E9B-A9C3-105115E7B71D}.Release|Any CPU.Build.0 = Release|Any CPU
		{05E132D0-E962-4107-8596-90192F9E263E}.Debug|Any CPU.ActiveCfg = Debug|Any CPU
		{05E132D0-E962-4107-8596-90192F9E263E}.Debug|Any CPU.Build.0 = Debug|Any CPU
		{05E132D0-E962-4107-8596-90192F9E263E}.Release|Any CPU.ActiveCfg = Release|Any CPU
		{05E132D0-E962-4107-8596-90192F9E263E}.Release|Any CPU.Build.0 = Release|Any CPU
		{1FB535CC-81DA-4420-9EA9-4D73FE9740BC}.Debug|Any CPU.ActiveCfg = Debug|Any CPU
		{1FB535CC-81DA-4420-9EA9-4D73FE9740BC}.Debug|Any CPU.Build.0 = Debug|Any CPU
		{1FB535CC-81DA-4420-9EA9-4D73FE9740BC}.Release|Any CPU.ActiveCfg = Release|Any CPU
		{1FB535CC-81DA-4420-9EA9-4D73FE9740BC}.Release|Any CPU.Build.0 = Release|Any CPU
	EndGlobalSection
	GlobalSection(SolutionProperties) = preSolution
		HideSolutionNode = FALSE
	EndGlobalSection
	GlobalSection(ExtensibilityGlobals) = postSolution
		SolutionGuid = {FE6B9AE5-035F-4554-BC7C-C0BD4AB86DA8}
	EndGlobalSection
EndGlobal
