
Microsoft Visual Studio Solution File, Format Version 12.00
# Visual Studio 2013
VisualStudioVersion = 12.0.21005.1
MinimumVisualStudioVersion = 10.0.40219.1
Project("{FAE04EC0-301F-11D3-BF4B-00C04F79EFBC}") = "Gallery", "Gallery\Gallery.csproj", "{B68E868D-E12F-4D1B-A1D5-FCCC6AD90685}"
EndProject
Project("{FAE04EC0-301F-11D3-BF4B-00C04F79EFBC}") = "Gallery.Tests", "Gallery.Tests\Gallery.Tests.csproj", "{F02DFD09-F504-4A26-951D-2B340F30EC3A}"
EndProject
Global
	GlobalSection(SolutionConfigurationPlatforms) = preSolution
		Debug|Any CPU = Debug|Any CPU
		Release|Any CPU = Release|Any CPU
	EndGlobalSection
	GlobalSection(ProjectConfigurationPlatforms) = postSolution
		{B68E868D-E12F-4D1B-A1D5-FCCC6AD90685}.Debug|Any CPU.ActiveCfg = Debug|Any CPU
		{B68E868D-E12F-4D1B-A1D5-FCCC6AD90685}.Debug|Any CPU.Build.0 = Debug|Any CPU
		{B68E868D-E12F-4D1B-A1D5-FCCC6AD90685}.Release|Any CPU.ActiveCfg = Release|Any CPU
		{B68E868D-E12F-4D1B-A1D5-FCCC6AD90685}.Release|Any CPU.Build.0 = Release|Any CPU
		{F02DFD09-F504-4A26-951D-2B340F30EC3A}.Debug|Any CPU.ActiveCfg = Debug|Any CPU
		{F02DFD09-F504-4A26-951D-2B340F30EC3A}.Debug|Any CPU.Build.0 = Debug|Any CPU
		{F02DFD09-F504-4A26-951D-2B340F30EC3A}.Release|Any CPU.ActiveCfg = Release|Any CPU
		{F02DFD09-F504-4A26-951D-2B340F30EC3A}.Release|Any CPU.Build.0 = Release|Any CPU
	EndGlobalSection
	GlobalSection(SolutionProperties) = preSolution
		HideSolutionNode = FALSE
	EndGlobalSection
EndGlobal
