
Microsoft Visual Studio Solution File, Format Version 12.00
# Visual Studio 2013
VisualStudioVersion = 12.0.21005.1
MinimumVisualStudioVersion = 10.0.40219.1
Project("{FAE04EC0-301F-11D3-BF4B-00C04F79EFBC}") = "GalleryScrubber", "GalleryScrubber\GalleryScrubber.csproj", "{465FC05C-BF7C-4047-ACA1-16194B16F4A4}"
EndProject
Project("{FAE04EC0-301F-11D3-BF4B-00C04F79EFBC}") = "ImageGallery", "ImageGallery\ImageGallery.csproj", "{2F476677-78E0-4B78-BD75-C450F8F244DE}"
EndProject
Project("{FAE04EC0-301F-11D3-BF4B-00C04F79EFBC}") = "scrub", "scrub\scrub.csproj", "{1C43C767-0DA5-4FAB-B853-83F3FD54ADA4}"
EndProject
Project("{FAE04EC0-301F-11D3-BF4B-00C04F79EFBC}") = "Gallery.Utilities", "Gallery.Utilities\Gallery.Utilities.csproj", "{52E9E149-8B8C-4908-8320-7F32B982021C}"
EndProject
Project("{FAE04EC0-301F-11D3-BF4B-00C04F79EFBC}") = "migrate", "migrate\migrate.csproj", "{41FF9644-5BF4-4A9E-9C5A-28DFD58B6E1E}"
EndProject
Project("{FAE04EC0-301F-11D3-BF4B-00C04F79EFBC}") = "Gallery.Migration", "ImageGallery.Migration\Gallery.Migration.csproj", "{37CF7EF6-4DD4-40DB-A903-39E9148C8E67}"
EndProject
Project("{FAE04EC0-301F-11D3-BF4B-00C04F79EFBC}") = "Gallery", "Gallery\Gallery.csproj", "{A325B276-7DD1-4160-AF89-B9B327FC03D3}"
EndProject
Project("{FAE04EC0-301F-11D3-BF4B-00C04F79EFBC}") = "Gallery.Tests", "Gallery.Tests\Gallery.Tests.csproj", "{7DB8B3C1-9D1D-4975-86BB-24790CBBE16F}"
EndProject
Project("{2150E333-8FDC-42A3-9474-1A3956D46DE8}") = "Solution Items", "Solution Items", "{1BC7D305-A435-4933-BA06-02BE94B1E081}"
	ProjectSection(SolutionItems) = preProject
		WebEssentials-Settings.json = WebEssentials-Settings.json
	EndProjectSection
EndProject
Project("{FAE04EC0-301F-11D3-BF4B-00C04F79EFBC}") = "Gallery.Elections", "Gallery.Elections\Gallery.Elections.csproj", "{5DC1B3CD-6E63-46BB-AF1D-A80DDD2B1C83}"
EndProject
Project("{FAE04EC0-301F-11D3-BF4B-00C04F79EFBC}") = "Gallery.Subjects", "Gallery.Subjects\Gallery.Subjects.csproj", "{A66280E4-02D0-4392-98D2-305855A6EEE2}"
EndProject
Global
	GlobalSection(SolutionConfigurationPlatforms) = preSolution
		Debug|Any CPU = Debug|Any CPU
		Release|Any CPU = Release|Any CPU
	EndGlobalSection
	GlobalSection(ProjectConfigurationPlatforms) = postSolution
		{465FC05C-BF7C-4047-ACA1-16194B16F4A4}.Debug|Any CPU.ActiveCfg = Debug|Any CPU
		{465FC05C-BF7C-4047-ACA1-16194B16F4A4}.Debug|Any CPU.Build.0 = Debug|Any CPU
		{465FC05C-BF7C-4047-ACA1-16194B16F4A4}.Release|Any CPU.ActiveCfg = Release|Any CPU
		{465FC05C-BF7C-4047-ACA1-16194B16F4A4}.Release|Any CPU.Build.0 = Release|Any CPU
		{2F476677-78E0-4B78-BD75-C450F8F244DE}.Debug|Any CPU.ActiveCfg = Debug|Any CPU
		{2F476677-78E0-4B78-BD75-C450F8F244DE}.Debug|Any CPU.Build.0 = Debug|Any CPU
		{2F476677-78E0-4B78-BD75-C450F8F244DE}.Release|Any CPU.ActiveCfg = Release|Any CPU
		{2F476677-78E0-4B78-BD75-C450F8F244DE}.Release|Any CPU.Build.0 = Release|Any CPU
		{1C43C767-0DA5-4FAB-B853-83F3FD54ADA4}.Debug|Any CPU.ActiveCfg = Debug|Any CPU
		{1C43C767-0DA5-4FAB-B853-83F3FD54ADA4}.Debug|Any CPU.Build.0 = Debug|Any CPU
		{1C43C767-0DA5-4FAB-B853-83F3FD54ADA4}.Release|Any CPU.ActiveCfg = Release|Any CPU
		{1C43C767-0DA5-4FAB-B853-83F3FD54ADA4}.Release|Any CPU.Build.0 = Release|Any CPU
		{52E9E149-8B8C-4908-8320-7F32B982021C}.Debug|Any CPU.ActiveCfg = Debug|Any CPU
		{52E9E149-8B8C-4908-8320-7F32B982021C}.Debug|Any CPU.Build.0 = Debug|Any CPU
		{52E9E149-8B8C-4908-8320-7F32B982021C}.Release|Any CPU.ActiveCfg = Release|Any CPU
		{52E9E149-8B8C-4908-8320-7F32B982021C}.Release|Any CPU.Build.0 = Release|Any CPU
		{41FF9644-5BF4-4A9E-9C5A-28DFD58B6E1E}.Debug|Any CPU.ActiveCfg = Debug|Any CPU
		{41FF9644-5BF4-4A9E-9C5A-28DFD58B6E1E}.Debug|Any CPU.Build.0 = Debug|Any CPU
		{41FF9644-5BF4-4A9E-9C5A-28DFD58B6E1E}.Release|Any CPU.ActiveCfg = Release|Any CPU
		{41FF9644-5BF4-4A9E-9C5A-28DFD58B6E1E}.Release|Any CPU.Build.0 = Release|Any CPU
		{37CF7EF6-4DD4-40DB-A903-39E9148C8E67}.Debug|Any CPU.ActiveCfg = Debug|Any CPU
		{37CF7EF6-4DD4-40DB-A903-39E9148C8E67}.Debug|Any CPU.Build.0 = Debug|Any CPU
		{37CF7EF6-4DD4-40DB-A903-39E9148C8E67}.Release|Any CPU.ActiveCfg = Release|Any CPU
		{37CF7EF6-4DD4-40DB-A903-39E9148C8E67}.Release|Any CPU.Build.0 = Release|Any CPU
		{A325B276-7DD1-4160-AF89-B9B327FC03D3}.Debug|Any CPU.ActiveCfg = Debug|Any CPU
		{A325B276-7DD1-4160-AF89-B9B327FC03D3}.Debug|Any CPU.Build.0 = Debug|Any CPU
		{A325B276-7DD1-4160-AF89-B9B327FC03D3}.Release|Any CPU.ActiveCfg = Release|Any CPU
		{A325B276-7DD1-4160-AF89-B9B327FC03D3}.Release|Any CPU.Build.0 = Release|Any CPU
		{7DB8B3C1-9D1D-4975-86BB-24790CBBE16F}.Debug|Any CPU.ActiveCfg = Debug|Any CPU
		{7DB8B3C1-9D1D-4975-86BB-24790CBBE16F}.Debug|Any CPU.Build.0 = Debug|Any CPU
		{7DB8B3C1-9D1D-4975-86BB-24790CBBE16F}.Release|Any CPU.ActiveCfg = Release|Any CPU
		{7DB8B3C1-9D1D-4975-86BB-24790CBBE16F}.Release|Any CPU.Build.0 = Release|Any CPU
		{5DC1B3CD-6E63-46BB-AF1D-A80DDD2B1C83}.Debug|Any CPU.ActiveCfg = Debug|Any CPU
		{5DC1B3CD-6E63-46BB-AF1D-A80DDD2B1C83}.Debug|Any CPU.Build.0 = Debug|Any CPU
		{5DC1B3CD-6E63-46BB-AF1D-A80DDD2B1C83}.Release|Any CPU.ActiveCfg = Release|Any CPU
		{5DC1B3CD-6E63-46BB-AF1D-A80DDD2B1C83}.Release|Any CPU.Build.0 = Release|Any CPU
		{A66280E4-02D0-4392-98D2-305855A6EEE2}.Debug|Any CPU.ActiveCfg = Debug|Any CPU
		{A66280E4-02D0-4392-98D2-305855A6EEE2}.Debug|Any CPU.Build.0 = Debug|Any CPU
		{A66280E4-02D0-4392-98D2-305855A6EEE2}.Release|Any CPU.ActiveCfg = Release|Any CPU
		{A66280E4-02D0-4392-98D2-305855A6EEE2}.Release|Any CPU.Build.0 = Release|Any CPU
	EndGlobalSection
	GlobalSection(SolutionProperties) = preSolution
		HideSolutionNode = FALSE
	EndGlobalSection
EndGlobal
