
Microsoft Visual Studio Solution File, Format Version 12.00
# Visual Studio 2013
VisualStudioVersion = 12.0.21005.1
MinimumVisualStudioVersion = 10.0.40219.1
Project("{FAE04EC0-301F-11D3-BF4B-00C04F79EFBC}") = "playerGrid", "playerGrid\playerGrid.csproj", "{42F98FCB-83C0-4110-977A-DCE108A451B1}"
EndProject
Project("{FAE04EC0-301F-11D3-BF4B-00C04F79EFBC}") = "playerGrid.Tests", "playerGrid.Tests\playerGrid.Tests.csproj", "{568F3946-C66F-4288-ACFE-4CDA6D4D990A}"
EndProject
Global
	GlobalSection(SolutionConfigurationPlatforms) = preSolution
		Debug|Any CPU = Debug|Any CPU
		Release|Any CPU = Release|Any CPU
	EndGlobalSection
	GlobalSection(ProjectConfigurationPlatforms) = postSolution
		{42F98FCB-83C0-4110-977A-DCE108A451B1}.Debug|Any CPU.ActiveCfg = Debug|Any CPU
		{42F98FCB-83C0-4110-977A-DCE108A451B1}.Debug|Any CPU.Build.0 = Debug|Any CPU
		{42F98FCB-83C0-4110-977A-DCE108A451B1}.Release|Any CPU.ActiveCfg = Release|Any CPU
		{42F98FCB-83C0-4110-977A-DCE108A451B1}.Release|Any CPU.Build.0 = Release|Any CPU
		{568F3946-C66F-4288-ACFE-4CDA6D4D990A}.Debug|Any CPU.ActiveCfg = Debug|Any CPU
		{568F3946-C66F-4288-ACFE-4CDA6D4D990A}.Debug|Any CPU.Build.0 = Debug|Any CPU
		{568F3946-C66F-4288-ACFE-4CDA6D4D990A}.Release|Any CPU.ActiveCfg = Release|Any CPU
		{568F3946-C66F-4288-ACFE-4CDA6D4D990A}.Release|Any CPU.Build.0 = Release|Any CPU
	EndGlobalSection
	GlobalSection(SolutionProperties) = preSolution
		HideSolutionNode = FALSE
	EndGlobalSection
EndGlobal
