
Microsoft Visual Studio Solution File, Format Version 12.00
# Visual Studio 2012
Project("{FAE04EC0-301F-11D3-BF4B-00C04F79EFBC}") = "imageresult", "imageresult\imageresult.csproj", "{58122C05-0949-412C-AA6C-3EB26BBCAC37}"
EndProject
Project("{FAE04EC0-301F-11D3-BF4B-00C04F79EFBC}") = "imageresult.Tests", "imageresult.Tests\imageresult.Tests.csproj", "{A9D15F5A-ED9F-4EF4-BEC5-7C3A81FC62AD}"
EndProject
Global
	GlobalSection(SolutionConfigurationPlatforms) = preSolution
		Debug|Any CPU = Debug|Any CPU
		Release|Any CPU = Release|Any CPU
	EndGlobalSection
	GlobalSection(ProjectConfigurationPlatforms) = postSolution
		{58122C05-0949-412C-AA6C-3EB26BBCAC37}.Debug|Any CPU.ActiveCfg = Debug|Any CPU
		{58122C05-0949-412C-AA6C-3EB26BBCAC37}.Debug|Any CPU.Build.0 = Debug|Any CPU
		{58122C05-0949-412C-AA6C-3EB26BBCAC37}.Release|Any CPU.ActiveCfg = Release|Any CPU
		{58122C05-0949-412C-AA6C-3EB26BBCAC37}.Release|Any CPU.Build.0 = Release|Any CPU
		{A9D15F5A-ED9F-4EF4-BEC5-7C3A81FC62AD}.Debug|Any CPU.ActiveCfg = Debug|Any CPU
		{A9D15F5A-ED9F-4EF4-BEC5-7C3A81FC62AD}.Debug|Any CPU.Build.0 = Debug|Any CPU
		{A9D15F5A-ED9F-4EF4-BEC5-7C3A81FC62AD}.Release|Any CPU.ActiveCfg = Release|Any CPU
		{A9D15F5A-ED9F-4EF4-BEC5-7C3A81FC62AD}.Release|Any CPU.Build.0 = Release|Any CPU
	EndGlobalSection
	GlobalSection(SolutionProperties) = preSolution
		HideSolutionNode = FALSE
	EndGlobalSection
EndGlobal
